version = 1
revision = 3
requires-python = ">=3.14"

[[package]]
name = "debugpy"
version = "1.8.22"
source = { registry = "https://pypi.org/simple" }
sdist = { url = "https://files.pythonhosted.org/packages/44/9d/3cb6693342acf96802dba89934a5b8da43c201d764ebd1f2c0514a3d42bd/debugpy-1.8.22.tar.gz", hash = "sha256:e489c7268e1c7b41e13b438d9c533d2a7af73fb59bf8cd30fead8286c1c39c4e", size = 1710877, upload-time = "2026-09-15T21:44:02.578Z" }
wheels = [
    { url = "https://files.pythonhosted.org/packages/ea/95/d97240bb68b86db8d0a07602be068aae9e50f17063d696a4c6f619975311/debugpy-1.8.22-cp314-cp314-macosx_15_0_universal2.whl", hash = "sha256:e6744ac1850c73c2ba7b29a126cf9ab74efd1831190720e8fee17ef5389c8f5d", size = 2493148, upload-time = "2026-09-15T21:44:32.518Z" },
    { url = "https://files.pythonhosted.org/packages/70/9e/994fe1fb23dd4a5a8d059a0dc95da4b0821907200a61c2d5a4fdc21b6cf8/debugpy-1.8.22-cp314-cp314-manylinux_2_34_x86_64.whl", hash = "sha256:0c1104233340196e5cbf5514e7dfdbb98968e730cfd7fdd6f3d72a082be838a9", size = 3961025, upload-time = "2026-09-15T21:44:34.387Z" },
    { url = "https://files.pythonhosted.org/packages/37/e0/66319918883cf6dd6dea3805210c3cafd9e65dfaa6f8b852482cff10a026/debugpy-1.8.22-cp314-cp314-win32.whl", hash = "sha256:feea785c7bbeb8cfd5b01a63f9061c899dc468c8be81671141a29305774fa294", size = 5359408, upload-time = "2026-09-15T21:44:36.128Z" },
    { url = "https://files.pythonhosted.org/packages/94/53/5b4d91f7fffb9393ac907133201d1da0c070d57e463ee8e2ec1db3cb63b6/debugpy-1.8.22-cp314-cp314-win_amd64.whl", hash = "sha256:d593a330297332ec435f3965c448b6d500e03f33675cf2063178bc76377a788e", size = 5397429, upload-time = "2026-09-15T21:44:38.429Z" },
    { url = "https://files.pythonhosted.org/packages/24/71/580df4aed96c9b23c9cbb049907d8ac1347050afdb8f450df20649d51578/debugpy-1.8.22-cp315-cp315-macosx_15_0_universal2.whl", hash = "sha256:a9eca6ab09a61534e923064400081e016f7e1d8430cc6e8b7a9cecd2f59e2b07", size = 2493380, upload-time = "2026-09-15T21:44:40.074Z" },
    { url = "https://files.pythonhosted.org/packages/b0/10/a323945b0966e560c40fe48470d2847bfc7692a8f550d7086e9a28f5b623/debugpy-1.8.22-cp315-cp315-manylinux_2_34_x86_64.whl", hash = "sha256:b7dbde1fb822d100802d505b2aed6d0813b1a0a2015d495cb8798b2215d5d1e5", size = 3975456, upload-time = "2026-09-15T21:44:41.623Z" },
    { url = "https://files.pythonhosted.org/packages/ef/f9/4383635281999c3eaa44bf327de523ba42240b35eb87c1130adac4a829c6/debugpy-1.8.22-cp315-cp315-win32.whl", hash = "sha256:225d063f81708c2546999e7edfac0198b2d5c2f144797dc64858f867948633e0", size = 5359469, upload-time = "2026-09-15T21:44:43.234Z" },
    { url = "https://files.pythonhosted.org/packages/7b/14/4fe9f46a9c825c8cbc6dc4aebc2a885b0bceb37ce2a37699c170482e7a40/debugpy-1.8.22-cp315-cp315-win_amd64.whl", hash = "sha256:b17a4896520f1c6da09ce76ec8215df0b85b0b6f3617526a4c65c2315340875a", size = 5397869, upload-time = "2026-09-15T21:44:44.783Z" },
    { url = "https://files.pythonhosted.org/packages/56/3d/c7dc9f35bc9e22cdb53679f844bee40fd5cff871862f60595869a433400d/debugpy-1.8.22-py2.py3-none-any.whl", hash = "sha256:a9e9d3550e15ca479c59333e90845029190531f0cacfedab3b815a57bd913947", size = 5374857, upload-time = "2026-09-15T21:44:54.454Z" },
]

[[package]]
name = "dill"
version = "0.4.1"
source = { registry = "https://pypi.org/simple" }
sdist = { url = "https://files.pythonhosted.org/packages/81/e1/56027a71e31b02ddc53c7d65b01e68edf64dea2932122fe7746a516f75d5/dill-0.4.1.tar.gz", hash = "sha256:423092df4182177d4d8ba8290c8a5b640c66ab35ec7da59ccfa00f6fa3eea5fa", size = 187315, upload-time = "2026-01-19T02:36:56.85Z" }
wheels = [
    { url = "https://files.pythonhosted.org/packages/1e/77/dc8c558f7593132cf8fefec57c4f60c83b16941c574ac5f619abb3ae7933/dill-0.4.1-py3-none-any.whl", hash = "sha256:1e1ce33e978ae97fcfcff5638477032b801c46c7c65cf717f95fbc2248f79a9d", size = 120019, upload-time = "2026-01-19T02:36:55.663Z" },
]

[[package]]
name = "googleapis-common-protos"
version = "1.75.3"
source = { registry = "https://pypi.org/simple" }
dependencies = [
    { name = "protobuf" },
]
sdist = { url = "https://files.pythonhosted.org/packages/8a/c5/4353a188e2c335aee33269e8b654af228278cca8e5f0b4b5f11e5d0e9adb/googleapis_common_protos-1.75.3.tar.gz", hash = "sha256:57c435ac2c68b108999b6db075d9053e4d7a936ba57b4a3d45667b1346f1738a", size = 153905, upload-time = "2026-09-03T22:31:21.869Z" }
wheels = [
    { url = "https://files.pythonhosted.org/packages/1a/7a/7d79170c6ce6f12e109df2b3879d6b934010cf4f99aea8de8b7e5408c174/googleapis_common_protos-1.75.3-py3-none-any.whl", hash = "sha256:a018d2bf098ca9fb6faa08d5bb780e2a2c2f73c566f069761331386c9596d3f2", size = 306984, upload-time = "2026-09-03T22:30:45.133Z" },
]

[[package]]
name = "grpcio"
version = "1.84.0"
source = { registry = "https://pypi.org/simple" }
dependencies = [
    { name = "typing-extensions" },
]
sdist = { url = "https://files.pythonhosted.org/packages/3f/4f/4435c0aae54657258d9cfcba78598f3d9e5fe4c82ff18d78558567b90faf/grpcio-1.84.0.tar.gz", hash = "sha256:19aaf172fc2edbefccce3f6e92c5150975dbe56c45744e9e87cf72ebdf85bfbe", size = 13493876, upload-time = "2026-09-14T06:59:33.291Z" }
wheels = [
    { url = "https://files.pythonhosted.org/packages/26/6f/e25ca89ca5b0b7b95464c907a5c21a77c0ac8c4ee1dca164c4dd8f153ddb/grpcio-1.84.0-cp314-cp314-linux_armv7l.whl", hash = "sha256:026d757df86c5b7a41de8200b9a2cda454aaa5004cb0c7e3374c66eb82f61499", size = 6428207, upload-time = "2026-09-14T06:58:34.401Z" },
    { url = "https://files.pythonhosted.org/packages/cd/b4/6b76b429f3f9b901cdbc306c81364d708bc957f847a05cbd1046cd2d05d8/grpcio-1.84.0-cp314-cp314-macosx_11_0_universal2.whl", hash = "sha256:3de427b05f244ba2c2a9bdc67e7a6731c8340811524ecc4435466549f8af1d17", size = 12342420, upload-time = "2026-09-14T06:58:37.416Z" },
    { url = "https://files.pythonhosted.org/packages/af/64/ac86d638ba7f73bee0dccb608ba551d4f63adf75151f00d2c43e46d3979e/grpcio-1.84.0-cp314-cp314-manylinux2014_aarch64.manylinux_2_17_aarch64.whl", hash = "sha256:e90e3bdf7b5eac005fef631adae9cafde16f922def207b80a7c46b253c18ad20", size = 6998396, upload-time = "2026-09-14T06:58:40.535Z" },
    { url = "https://files.pythonhosted.org/packages/4a/65/fa12e9ec9d7ebf8cc3e81428fa9e1ca0d30d22d546ce2baa4c64bc917cbc/grpcio-1.84.0-cp314-cp314-manylinux2014_i686.manylinux_2_17_i686.whl", hash = "sha256:e88d304f094f4937bc27ec6a435e218a084168f11ec630c8d5d39b431d08d81d", size = 7757538, upload-time = "2026-09-14T06:58:43.297Z" },
    { url = "https://files.pythonhosted.org/packages/21/d7/94240c7fae121ff1f116dcf04a3b7ee0216a06832c704310363f72638d4c/grpcio-1.84.0-cp314-cp314-manylinux2014_x86_64.manylinux_2_17_x86_64.whl", hash = "sha256:57dc36a5ab0e676f5f6e171de2917fd0aef73f32a9aaf23956bfe19997a30bd1", size = 7161480, upload-time = "2026-09-14T06:58:45.939Z" },
    { url = "https://files.pythonhosted.org/packages/23/c9/7033e95d4b344969818b09185721c7608b47fc2498d97b5e4eec4995dbf3/grpcio-1.84.0-cp314-cp314-musllinux_1_2_aarch64.whl", hash = "sha256:5deda5b4bf62769eb98c119cca43d40e1231e34846b19db5cdea821d446a2253", size = 7720191, upload-time = "2026-09-14T06:58:48.308Z" },
    { url = "https://files.pythonhosted.org/packages/95/22/b45df2deba81d55069076859480bae7109c9eec02bce5515c799530cc2aa/grpcio-1.84.0-cp314-cp314-musllinux_1_2_i686.whl", hash = "sha256:9bab4cf571653a8afffb83ce21aa27b51dfe629b526b7b6adec35491fe1fc2ea", size = 8762792, upload-time = "2026-09-14T06:58:51.068Z" },
    { url = "https://files.pythonhosted.org/packages/de/c4/3e1c3d6155c16b8737cc31d5b477d6cf1fc7cdd10d58320cf0ec9b446f42/grpcio-1.84.0-cp314-cp314-musllinux_1_2_x86_64.whl", hash = "sha256:c5559b492007dc09b4de9b95dab05f0b5e53547aad230cf07e46c7dd017a3be5", size = 8123299, upload-time = "2026-09-14T06:58:54.332Z" },
    { url = "https://files.pythonhosted.org/packages/56/fe/f4864de5b815e5ba18858771f99381a398fac14117f89ef5291ed43d3c4e/grpcio-1.84.0-cp314-cp314-win32.whl", hash = "sha256:2c024da73b296f040b8360e60bd73a659b230093684a438da0e1260f34cc724e", size = 4562560, upload-time = "2026-09-14T06:58:56.894Z" },
    { url = "https://files.pythonhosted.org/packages/44/03/640811d4d8c84f5e603995c5a9bab725223aa472cad9ca4286c3bbf1c3e3/grpcio-1.84.0-cp314-cp314-win_amd64.whl", hash = "sha256:800b7e00d92553313c0463c200087930aa78678ec1d528193aeb50906f55989b", size = 5394092, upload-time = "2026-09-14T06:58:59.61Z" },
    { url = "https://files.pythonhosted.org/packages/4a/1a/9e3d2c9f005f680f03308fa894b1db91d4ab3f0fe65ff630c69561e91e95/grpcio-1.84.0-cp315-cp315-linux_armv7l.whl", hash = "sha256:47ecf0d9b81d981f07b61bd89eced9d2582f5eaacc3aaa36ad27f81aef70a27f", size = 6428252, upload-time = "2026-09-14T06:59:02.597Z" },
    { url = "https://files.pythonhosted.org/packages/77/34/0bc9f52ebf091311651eeab3a452fb557985604a3088cb5406f4d6df85d3/grpcio-1.84.0-cp315-cp315-macosx_10_15_universal2.whl", hash = "sha256:61386101ecaa096b694d0dd278caf99a56aeec78440cc17e918eef0b50f2d567", size = 12359488, upload-time = "2026-09-14T06:59:05.646Z" },
    { url = "https://files.pythonhosted.org/packages/93/0e/c31052712f241cb6ecae9c226fabd519b7f8c64a7a40bac27e9ca0405b78/grpcio-1.84.0-cp315-cp315-manylinux2014_aarch64.manylinux_2_17_aarch64.whl", hash = "sha256:f6d178ba6dc8e82976c184b65fddde172d054c17237993a3e083efe4f134d55b", size = 7019339, upload-time = "2026-09-14T06:59:08.76Z" },
    { url = "https://files.pythonhosted.org/packages/55/b9/b9b33ea4f1eb4cad28833cade604febf357385b5ebb0c9c7562d020e167a/grpcio-1.84.0-cp315-cp315-manylinux2014_i686.manylinux_2_17_i686.whl", hash = "sha256:15bb76489e337fc492685c9758e2fd4d4ab516b901ad830dc5a91987decf00be", size = 7107974, upload-time = "2026-09-14T06:59:11.568Z" },
    { url = "https://files.pythonhosted.org/packages/0e/9e/799d4c45db91bbdcd8c54b3982932dbcf3d059f7ce67dca3e8540faa1ece/grpcio-1.84.0-cp315-cp315-manylinux2014_x86_64.manylinux_2_17_x86_64.whl", hash = "sha256:82da34ae4f639c73ac46e521e00c0a49bf86f717b9fb1f405f133e98731e38dc", size = 7200036, upload-time = "2026-09-14T06:59:14.401Z" },
    { url = "https://files.pythonhosted.org/packages/45/dc/dcfdd13ada41aff9098f0c2c6f260eb7debbc88b84b7e5fcbd085165427d/grpcio-1.84.0-cp315-cp315-musllinux_1_2_aarch64.whl", hash = "sha256:9b73836ba0e16fcbb57c31cf6cbc2907c8d8c790b83679df454b74bd15e0be04", size = 7742281, upload-time = "2026-09-14T06:59:17.348Z" },
    { url = "https://files.pythonhosted.org/packages/55/31/75eab2ec77b80804bc5e21cec99b57598e726fca6484cd3e8920a97639d5/grpcio-1.84.0-cp315-cp315-musllinux_1_2_i686.whl", hash = "sha256:42959bd50dd660ffc3f2a9bec15a6da4f9aaa0dda555d59ff2d2e80b908456a8", size = 8113629, upload-time = "2026-09-14T06:59:20.584Z" },
    { url = "https://files.pythonhosted.org/packages/34/f0/fdcf6bdc1df9ca11679a1187bef8e6b81df31a2baae69497e17344f05ea3/grpcio-1.84.0-cp315-cp315-musllinux_1_2_x86_64.whl", hash = "sha256:659728f20fc7a0933ed7b1945435e31014b97ab8a5a7edcbaa70da4794aeb191", size = 8152972, upload-time = "2026-09-14T06:59:24.523Z" },
    { url = "https://files.pythonhosted.org/packages/5c/cf/6720e720bfa80fcb1ace873f66724eb3c8b03bba2fa078a30c12cab3212e/grpcio-1.84.0-cp315-cp315-win32.whl", hash = "sha256:edb6f87fc60ff438557291501b3e16c7a77c3b01a52d782cf276dccc7c5dd89c", size = 4561981, upload-time = "2026-09-14T06:59:27.275Z" },
    { url = "https://files.pythonhosted.org/packages/7f/b9/69d8a709df225bc2e06e028e9465166b174c24b3da07cc72d9a5ddc63194/grpcio-1.84.0-cp315-cp315-win_amd64.whl", hash = "sha256:4119efa6519871719ad81f33bc95ab87857dcb1c5801f30a6e592f2c41164169", size = 5394757, upload-time = "2026-09-14T06:59:30.118Z" },
]

[[package]]
name = "opentelemetry-api"
version = "1.44.0"
source = { registry = "https://pypi.org/simple" }
dependencies = [
    { name = "typing-extensions" },
]
sdist = { url = "https://files.pythonhosted.org/packages/ee/8b/aa9e2d8b8dfa7c946f7dec5d1f8f6ba8eca062f43509a06bdb5ce93d26c0/opentelemetry_api-1.44.0.tar.gz", hash = "sha256:67647e5e9566edcf421166fdf022b3537f818635daa852b289e34604dc6fb33a", size = 72406, upload-time = "2026-07-16T15:25:32.678Z" }
wheels = [
    { url = "https://files.pythonhosted.org/packages/ca/6f/a04e900f465ff3221ccc395522503e2d10e79fa21f2723c8e177aae1e0d1/opentelemetry_api-1.44.0-py3-none-any.whl", hash = "sha256:94b98c893a91b88657eaac1e3ba89618cdb85be6918196705354f34728b2cdef", size = 60018, upload-time = "2026-07-16T15:25:11.657Z" },
]

[[package]]
name = "opentelemetry-exporter-otlp-proto-common"
version = "1.44.0"
source = { registry = "https://pypi.org/simple" }
dependencies = [
    { name = "opentelemetry-proto" },
]
sdist = { url = "https://files.pythonhosted.org/packages/61/09/4d717852c1cf3f854b76c7110a5d00883bc3c99288b9b0dbcbeb9e306eb6/opentelemetry_exporter_otlp_proto_common-1.44.0.tar.gz", hash = "sha256:dc87a5a5bc58f149a56d1547e4691588fa12994cdc3bc039a694ccb3375862ac", size = 20202, upload-time = "2026-07-16T15:25:37.658Z" }
wheels = [
    { url = "https://files.pythonhosted.org/packages/5e/71/65fd9d54c10b860f87c045ccee1264cab7011268895d3528818a29c1172a/opentelemetry_exporter_otlp_proto_common-1.44.0-py3-none-any.whl", hash = "sha256:9a9fe61bba73d802904bc989f1d6b4a7b1ee40f06c40e98d6f85af65aaebb694", size = 17045, upload-time = "2026-07-16T15:25:18.201Z" },
]

[[package]]
name = "opentelemetry-exporter-otlp-proto-grpc"
version = "1.44.0"
source = { registry = "https://pypi.org/simple" }
dependencies = [
    { name = "googleapis-common-protos" },
    { name = "grpcio" },
    { name = "opentelemetry-api" },
    { name = "opentelemetry-exporter-otlp-proto-common" },
    { name = "opentelemetry-proto" },
    { name = "opentelemetry-sdk" },
    { name = "typing-extensions" },
]
sdist = { url = "https://files.pythonhosted.org/packages/1f/47/80d9e9d468dc5de3af5096f5ccdb065fa4dd1470f74495cc53e59e397f47/opentelemetry_exporter_otlp_proto_grpc-1.44.0.tar.gz", hash = "sha256:40d1ae9e03fcc36de3cbac610cc99f35894938bff9cfd90fc4ec68bd85448463", size = 27225, upload-time = "2026-07-16T15:25:38.308Z" }
wheels = [
    { url = "https://files.pythonhosted.org/packages/54/29/6ae42ba32b153ae0a44ae125f0caff2188bbe62d99c82d1768da30864e72/opentelemetry_exporter_otlp_proto_grpc-1.44.0-py3-none-any.whl", hash = "sha256:6a1a645ea182a2f59440c51fa8301d309f3324a8f9d65f8395584b064b67ee4e", size = 19624, upload-time = "2026-07-16T15:25:19.096Z" },
]

[[package]]
name = "opentelemetry-instrumentation"
version = "0.65b0"
source = { registry = "https://pypi.org/simple" }
dependencies = [
    { name = "opentelemetry-api" },
    { name = "opentelemetry-semantic-conventions" },
    { name = "packaging" },
    { name = "wrapt" },
]
sdist = { url = "https://files.pythonhosted.org/packages/13/91/3c58961cb0360cd60509064734f0be4275383c8681d73c580a40ca83ddce/opentelemetry_instrumentation-0.65b0.tar.gz", hash = "sha256:071d9d9eced9bd6460444ec3b0c77229870ed05a881c22c84fdede58e4eed09b", size = 42689, upload-time = "2026-07-16T15:25:50.275Z" }
wheels = [
    { url = "https://files.pythonhosted.org/packages/40/7b/85eab1215f72adf0e68d3dc4a679b9bff993fa679ff34cd8dd378e2659fd/opentelemetry_instrumentation-0.65b0-py3-none-any.whl", hash = "sha256:ea967a72b9939b5fcfdad572753b4306c59dcb99e3f382d95dae04286805e137", size = 36717, upload-time = "2026-07-16T15:24:51.424Z" },
]

[[package]]
name = "opentelemetry-instrumentation-grpc"
version = "0.65b0"
source = { registry = "https://pypi.org/simple" }
dependencies = [
    { name = "opentelemetry-api" },
    { name = "opentelemetry-instrumentation" },
    { name = "opentelemetry-semantic-conventions" },
    { name = "wrapt" },
]
sdist = { url = "https://files.pythonhosted.org/packages/67/80/0006818bfb54d5e3abb138607beff63561c2c920393ec8d18cc7e3d33810/opentelemetry_instrumentation_grpc-0.65b0.tar.gz", hash = "sha256:b05b3a1f476f350fdb12514ca1ebaed0d596095f91188c2efd26b3e6e2a4cc82", size = 31971, upload-time = "2026-07-16T15:26:07.304Z" }
wheels = [
    { url = "https://files.pythonhosted.org/packages/05/6b/857ecc989566b09dde5bbfaf7dce4955095416d64b2e9231d1d9d6681d56/opentelemetry_instrumentation_grpc-0.65b0-py3-none-any.whl", hash = "sha256:d4d884439ddee9e68ebd45586eaa243d982351b1ec6a5ce9916eccfd20e66805", size = 24370, upload-time = "2026-07-16T15:25:14.63Z" },
]

[[package]]
name = "opentelemetry-proto"
version = "1.44.0"
source = { registry = "https://pypi.org/simple" }
dependencies = [
    { name = "protobuf" },
]
sdist = { url = "https://files.pythonhosted.org/packages/64/01/40ac4ae9a149263cc52c2cee200ddd80cb6d8db1a4610abf8eabce0fe771/opentelemetry_proto-1.44.0.tar.gz", hash = "sha256:c547a79c2f8c0c515d31509154682e5921c7cfd5ca67b70e1f9266e2c3e103f3", size = 46488, upload-time = "2026-07-16T15:25:45.34Z" }
wheels = [
    { url = "https://files.pythonhosted.org/packages/d1/7c/8be563d68e93bbefa5c8affb82ddcff91b3ad858ce49957ba7b16fd3e0ab/opentelemetry_proto-1.44.0-py3-none-any.whl", hash = "sha256:898b155a0e1557afd867478fb6158e8122a46329ca0bb8dc53cc55e98f017f56", size = 72483, upload-time = "2026-07-16T15:25:28.429Z" },
]

[[package]]
name = "opentelemetry-sdk"
version = "1.44.0"
source = { registry = "https://pypi.org/simple" }
dependencies = [
    { name = "opentelemetry-api" },
    { name = "opentelemetry-semantic-conventions" },
    { name = "typing-extensions" },
]
sdist = { url = "https://files.pythonhosted.org/packages/5d/77/a6592cbc7c8d9bcc9d6757a9df45e04a7c585e3e6e7a13456da522b21109/opentelemetry_sdk-1.44.0.tar.gz", hash = "sha256:cebe7f65dc12f26ead75c6064de12fd2a9052e5060c0272d402cfa203aae123b", size = 208624, upload-time = "2026-07-16T15:25:46.078Z" }
wheels = [
    { url = "https://files.pythonhosted.org/packages/e7/23/ff077e61886ee020a17ce9c8b6fa11c601c8d8345b09ea24f605445df62a/opentelemetry_sdk-1.44.0-py3-none-any.whl", hash = "sha256:df081c4c6bcfdb1211e3e86140376792643128a25f8d72d1d27675936e7e96ad", size = 137221, upload-time = "2026-07-16T15:25:29.534Z" },
]

[[package]]
name = "opentelemetry-semantic-conventions"
version = "0.65b0"
source = { registry = "https://pypi.org/simple" }
dependencies = [
    { name = "opentelemetry-api" },
    { name = "typing-extensions" },
]
sdist = { url = "https://files.pythonhosted.org/packages/8f/73/0cbdebcb4cf545fdd328da14f5137e37d0770c3f26185e478b0d15d94f50/opentelemetry_semantic_conventions-0.65b0.tar.gz", hash = "sha256:f9b2b81e9d5b64f11bc952075e7e9c7fb0aab075c7fd1c46d597f1b919852d60", size = 148774, upload-time = "2026-07-16T15:25:46.902Z" }
wheels = [
    { url = "https://files.pythonhosted.org/packages/a6/0e/49df70d9b81fb5cbae4bbf2a49d865b09bcbcbc4eb53f5851b1027738d78/opentelemetry_semantic_conventions-0.65b0-py3-none-any.whl", hash = "sha256:1cacde7b0ad306f84c5ef08c3dbe1bbaf20165bba6f8bff43b670e555a086bcb", size = 204645, upload-time = "2026-07-16T15:25:30.688Z" },
]

[[package]]
name = "packaging"
version = "26.3"
source = { registry = "https://pypi.org/simple" }
sdist = { url = "https://files.pythonhosted.org/packages/7d/fa/3944b40b07da9ce895c0e6303a5ab7d53da063554f534556b134a54d6093/packaging-26.3.tar.gz", hash = "sha256:94edc256424af38762eb31306eed28beb9f0efc50a8837492c9d6fd6004aed79", size = 313412, upload-time = "2026-08-04T18:15:28.737Z" }
wheels = [
    { url = "https://files.pythonhosted.org/packages/63/34/ba1c580383c9eada3711951fef0795c80b829a078d72188184bcab9dd527/packaging-26.3-py3-none-any.whl", hash = "sha256:d7193f7c8e4e93f444fde0262bf90af30e16fa0ad0ad44cb553c87339b23cd1c", size = 129956, upload-time = "2026-08-04T18:15:27.159Z" },
]

[[package]]
name = "plataforma-c-escape-from-floripa"
version = "0.1.0"
source = { virtual = "." }
dependencies = [
    { name = "pulumi" },
    { name = "pulumi-aws" },
]

[package.metadata]
requires-dist = [
    { name = "pulumi", specifier = ">=3.0.0,<4.0.0" },
    { name = "pulumi-aws", specifier = ">=7.0.0,<8.0.0" },
]

[[package]]
name = "protobuf"
version = "6.33.6"
source = { registry = "https://pypi.org/simple" }
sdist = { url = "https://files.pythonhosted.org/packages/66/70/e908e9c5e52ef7c3a6c7902c9dfbb34c7e29c25d2f81ade3856445fd5c94/protobuf-6.33.6.tar.gz", hash = "sha256:a6768d25248312c297558af96a9f9c929e8c4cee0659cb07e780731095f38135", size = 444531, upload-time = "2026-03-18T19:05:00.988Z" }
wheels = [
    { url = "https://files.pythonhosted.org/packages/fc/9f/2f509339e89cfa6f6a4c4ff50438db9ca488dec341f7e454adad60150b00/protobuf-6.33.6-cp310-abi3-win32.whl", hash = "sha256:7d29d9b65f8afef196f8334e80d6bc1d5d4adedb449971fefd3723824e6e77d3", size = 425739, upload-time = "2026-03-18T19:04:48.373Z" },
    { url = "https://files.pythonhosted.org/packages/76/5d/683efcd4798e0030c1bab27374fd13a89f7c2515fb1f3123efdfaa5eab57/protobuf-6.33.6-cp310-abi3-win_amd64.whl", hash = "sha256:0cd27b587afca21b7cfa59a74dcbd48a50f0a6400cfb59391340ad729d91d326", size = 437089, upload-time = "2026-03-18T19:04:50.381Z" },
    { url = "https://files.pythonhosted.org/packages/5c/01/a3c3ed5cd186f39e7880f8303cc51385a198a81469d53d0fdecf1f64d929/protobuf-6.33.6-cp39-abi3-macosx_10_9_universal2.whl", hash = "sha256:9720e6961b251bde64edfdab7d500725a2af5280f3f4c87e57c0208376aa8c3a", size = 427737, upload-time = "2026-03-18T19:04:51.866Z" },
    { url = "https://files.pythonhosted.org/packages/ee/90/b3c01fdec7d2f627b3a6884243ba328c1217ed2d978def5c12dc50d328a3/protobuf-6.33.6-cp39-abi3-manylinux2014_aarch64.whl", hash = "sha256:e2afbae9b8e1825e3529f88d514754e094278bb95eadc0e199751cdd9a2e82a2", size = 324610, upload-time = "2026-03-18T19:04:53.096Z" },
    { url = "https://files.pythonhosted.org/packages/9b/ca/25afc144934014700c52e05103c2421997482d561f3101ff352e1292fb81/protobuf-6.33.6-cp39-abi3-manylinux2014_s390x.whl", hash = "sha256:c96c37eec15086b79762ed265d59ab204dabc53056e3443e702d2681f4b39ce3", size = 339381, upload-time = "2026-03-18T19:04:54.616Z" },
    { url = "https://files.pythonhosted.org/packages/16/92/d1e32e3e0d894fe00b15ce28ad4944ab692713f2e7f0a99787405e43533a/protobuf-6.33.6-cp39-abi3-manylinux2014_x86_64.whl", hash = "sha256:e9db7e292e0ab79dd108d7f1a94fe31601ce1ee3f7b79e0692043423020b0593", size = 323436, upload-time = "2026-03-18T19:04:55.768Z" },
    { url = "https://files.pythonhosted.org/packages/c4/72/02445137af02769918a93807b2b7890047c32bfb9f90371cbc12688819eb/protobuf-6.33.6-py3-none-any.whl", hash = "sha256:77179e006c476e69bf8e8ce866640091ec42e1beb80b213c3900006ecfba6901", size = 170656, upload-time = "2026-03-18T19:04:59.826Z" },
]

[[package]]
name = "pulumi"
version = "3.264.0"
source = { registry = "https://pypi.org/simple" }
dependencies = [
    { name = "debugpy" },
    { name = "dill" },
    { name = "grpcio" },
    { name = "opentelemetry-api" },
    { name = "opentelemetry-exporter-otlp-proto-grpc" },
    { name = "opentelemetry-instrumentation-grpc" },
    { name = "opentelemetry-sdk" },
    { name = "packaging" },
    { name = "protobuf" },
    { name = "pyyaml" },
    { name = "semver" },
    { name = "typing-extensions" },
]
wheels = [
    { url = "https://files.pythonhosted.org/packages/53/80/0717e51de9ea891b0f5f217548211b1fc67bfff73792fcf548dd7069a345/pulumi-3.264.0-py3-none-any.whl", hash = "sha256:dfa3d1d98b494e6e89cc450e204752941cb4da84d8bd1cb88987a5a19963efec", size = 425930, upload-time = "2026-09-23T10:23:05.478Z" },
]

[[package]]
name = "pulumi-aws"
version = "7.48.0"
source = { registry = "https://pypi.org/simple" }
dependencies = [
    { name = "packaging" },
    { name = "pulumi" },
    { name = "semver" },
]
sdist = { url = "https://files.pythonhosted.org/packages/fd/2e/71793b88112c9aba54eedf180849459b3045896a09ab5591f82047d2c164/pulumi_aws-7.48.0.tar.gz", hash = "sha256:00b006d2ac249126366caa1c57ac3eb3adfd2be17d73194ebae6b43d7505b85a", size = 9686154, upload-time = "2026-09-22T14:34:37.79Z" }
wheels = [
    { url = "https://files.pythonhosted.org/packages/40/d3/5f0b9c6605ebc910617ab786c62a0b15622cee2edbd18e7a44737020d08d/pulumi_aws-7.48.0-py3-none-any.whl", hash = "sha256:e6732f11f2a79f76e0b14ffff61552f9661860847cfe22c9ec99a9e9a08f2242", size = 12896659, upload-time = "2026-09-22T14:34:34.532Z" },
]

[[package]]
name = "pyyaml"
version = "6.0.3"
source = { registry = "https://pypi.org/simple" }
sdist = { url = "https://files.pythonhosted.org/packages/05/8e/961c0007c59b8dd7729d542c61a4d537767a59645b82a0b521206e1e25c2/pyyaml-6.0.3.tar.gz", hash = "sha256:d76623373421df22fb4cf8817020cbb7ef15c725b9d5e45f17e189bfc384190f", size = 130960, upload-time = "2025-09-25T21:33:16.546Z" }
wheels = [
    { url = "https://files.pythonhosted.org/packages/9d/8c/f4bd7f6465179953d3ac9bc44ac1a8a3e6122cf8ada906b4f96c60172d43/pyyaml-6.0.3-cp314-cp314-macosx_10_13_x86_64.whl", hash = "sha256:8d1fab6bb153a416f9aeb4b8763bc0f22a5586065f86f7664fc23339fc1c1fac", size = 181814, upload-time = "2025-09-25T21:32:35.712Z" },
    { url = "https://files.pythonhosted.org/packages/bd/9c/4d95bb87eb2063d20db7b60faa3840c1b18025517ae857371c4dd55a6b3a/pyyaml-6.0.3-cp314-cp314-macosx_11_0_arm64.whl", hash = "sha256:34d5fcd24b8445fadc33f9cf348c1047101756fd760b4dacb5c3e99755703310", size = 173809, upload-time = "2025-09-25T21:32:36.789Z" },
    { url = "https://files.pythonhosted.org/packages/92/b5/47e807c2623074914e29dabd16cbbdd4bf5e9b2db9f8090fa64411fc5382/pyyaml-6.0.3-cp314-cp314-manylinux2014_aarch64.manylinux_2_17_aarch64.manylinux_2_28_aarch64.whl", hash = "sha256:501a031947e3a9025ed4405a168e6ef5ae3126c59f90ce0cd6f2bfc477be31b7", size = 766454, upload-time = "2025-09-25T21:32:37.966Z" },
    { url = "https://files.pythonhosted.org/packages/02/9e/e5e9b168be58564121efb3de6859c452fccde0ab093d8438905899a3a483/pyyaml-6.0.3-cp314-cp314-manylinux2014_s390x.manylinux_2_17_s390x.manylinux_2_28_s390x.whl", hash = "sha256:b3bc83488de33889877a0f2543ade9f70c67d66d9ebb4ac959502e12de895788", size = 836355, upload-time = "2025-09-25T21:32:39.178Z" },
    { url = "https://files.pythonhosted.org/packages/88/f9/16491d7ed2a919954993e48aa941b200f38040928474c9e85ea9e64222c3/pyyaml-6.0.3-cp314-cp314-manylinux2014_x86_64.manylinux_2_17_x86_64.manylinux_2_28_x86_64.whl", hash = "sha256:c458b6d084f9b935061bc36216e8a69a7e293a2f1e68bf956dcd9e6cbcd143f5", size = 794175, upload-time = "2025-09-25T21:32:40.865Z" },
    { url = "https://files.pythonhosted.org/packages/dd/3f/5989debef34dc6397317802b527dbbafb2b4760878a53d4166579111411e/pyyaml-6.0.3-cp314-cp314-musllinux_1_2_aarch64.whl", hash = "sha256:7c6610def4f163542a622a73fb39f534f8c101d690126992300bf3207eab9764", size = 755228, upload-time = "2025-09-25T21:32:42.084Z" },
    { url = "https://files.pythonhosted.org/packages/d7/ce/af88a49043cd2e265be63d083fc75b27b6ed062f5f9fd6cdc223ad62f03e/pyyaml-6.0.3-cp314-cp314-musllinux_1_2_x86_64.whl", hash = "sha256:5190d403f121660ce8d1d2c1bb2ef1bd05b5f68533fc5c2ea899bd15f4399b35", size = 789194, upload-time = "2025-09-25T21:32:43.362Z" },
    { url = "https://files.pythonhosted.org/packages/23/20/bb6982b26a40bb43951265ba29d4c246ef0ff59c9fdcdf0ed04e0687de4d/pyyaml-6.0.3-cp314-cp314-win_amd64.whl", hash = "sha256:4a2e8cebe2ff6ab7d1050ecd59c25d4c8bd7e6f400f5f82b96557ac0abafd0ac", size = 156429, upload-time = "2025-09-25T21:32:57.844Z" },
    { url = "https://files.pythonhosted.org/packages/f4/f4/a4541072bb9422c8a883ab55255f918fa378ecf083f5b85e87fc2b4eda1b/pyyaml-6.0.3-cp314-cp314-win_arm64.whl", hash = "sha256:93dda82c9c22deb0a405ea4dc5f2d0cda384168e466364dec6255b293923b2f3", size = 143912, upload-time = "2025-09-25T21:32:59.247Z" },
    { url = "https://files.pythonhosted.org/packages/7c/f9/07dd09ae774e4616edf6cda684ee78f97777bdd15847253637a6f052a62f/pyyaml-6.0.3-cp314-cp314t-macosx_10_13_x86_64.whl", hash = "sha256:02893d100e99e03eda1c8fd5c441d8c60103fd175728e23e431db1b589cf5ab3", size = 189108, upload-time = "2025-09-25T21:32:44.377Z" },
    { url = "https://files.pythonhosted.org/packages/4e/78/8d08c9fb7ce09ad8c38ad533c1191cf27f7ae1effe5bb9400a46d9437fcf/pyyaml-6.0.3-cp314-cp314t-macosx_11_0_arm64.whl", hash = "sha256:c1ff362665ae507275af2853520967820d9124984e0f7466736aea23d8611fba", size = 183641, upload-time = "2025-09-25T21:32:45.407Z" },
    { url = "https://files.pythonhosted.org/packages/7b/5b/3babb19104a46945cf816d047db2788bcaf8c94527a805610b0289a01c6b/pyyaml-6.0.3-cp314-cp314t-manylinux2014_aarch64.manylinux_2_17_aarch64.manylinux_2_28_aarch64.whl", hash = "sha256:6adc77889b628398debc7b65c073bcb99c4a0237b248cacaf3fe8a557563ef6c", size = 831901, upload-time = "2025-09-25T21:32:48.83Z" },
    { url = "https://files.pythonhosted.org/packages/8b/cc/dff0684d8dc44da4d22a13f35f073d558c268780ce3c6ba1b87055bb0b87/pyyaml-6.0.3-cp314-cp314t-manylinux2014_s390x.manylinux_2_17_s390x.manylinux_2_28_s390x.whl", hash = "sha256:a80cb027f6b349846a3bf6d73b5e95e782175e52f22108cfa17876aaeff93702", size = 861132, upload-time = "2025-09-25T21:32:50.149Z" },
    { url = "https://files.pythonhosted.org/packages/b1/5e/f77dc6b9036943e285ba76b49e118d9ea929885becb0a29ba8a7c75e29fe/pyyaml-6.0.3-cp314-cp314t-manylinux2014_x86_64.manylinux_2_17_x86_64.manylinux_2_28_x86_64.whl", hash = "sha256:00c4bdeba853cc34e7dd471f16b4114f4162dc03e6b7afcc2128711f0eca823c", size = 839261, upload-time = "2025-09-25T21:32:51.808Z" },
    { url = "https://files.pythonhosted.org/packages/ce/88/a9db1376aa2a228197c58b37302f284b5617f56a5d959fd1763fb1675ce6/pyyaml-6.0.3-cp314-cp314t-musllinux_1_2_aarch64.whl", hash = "sha256:66e1674c3ef6f541c35191caae2d429b967b99e02040f5ba928632d9a7f0f065", size = 805272, upload-time = "2025-09-25T21:32:52.941Z" },
    { url = "https://files.pythonhosted.org/packages/da/92/1446574745d74df0c92e6aa4a7b0b3130706a4142b2d1a5869f2eaa423c6/pyyaml-6.0.3-cp314-cp314t-musllinux_1_2_x86_64.whl", hash = "sha256:16249ee61e95f858e83976573de0f5b2893b3677ba71c9dd36b9cf8be9ac6d65", size = 829923, upload-time = "2025-09-25T21:32:54.537Z" },
    { url = "https://files.pythonhosted.org/packages/f0/7a/1c7270340330e575b92f397352af856a8c06f230aa3e76f86b39d01b416a/pyyaml-6.0.3-cp314-cp314t-win_amd64.whl", hash = "sha256:4ad1906908f2f5ae4e5a8ddfce73c320c2a1429ec52eafd27138b7f1cbe341c9", size = 174062, upload-time = "2025-09-25T21:32:55.767Z" },
    { url = "https://files.pythonhosted.org/packages/f1/12/de94a39c2ef588c7e6455cfbe7343d3b2dc9d6b6b2f40c4c6565744c873d/pyyaml-6.0.3-cp314-cp314t-win_arm64.whl", hash = "sha256:ebc55a14a21cb14062aa4162f906cd962b28e2e9ea38f9b4391244cd8de4ae0b", size = 149341, upload-time = "2025-09-25T21:32:56.828Z" },
]

[[package]]
name = "semver"
version = "3.1.0"
source = { registry = "https://pypi.org/simple" }
sdist = { url = "https://files.pythonhosted.org/packages/92/f5/e1dfe8e1d91c54ce212fd93916eb01fd1c590f413be0a0978c39a97aa1bb/semver-3.1.0.tar.gz", hash = "sha256:14bc073439513d7773662a338f4db9829cf16c12b74b9568e2d2689975fbd7fc", size = 304162, upload-time = "2026-09-12T18:38:14.045Z" }
wheels = [
    { url = "https://files.pythonhosted.org/packages/be/02/bce7a1d70e9d0f6ea8623c16386138c251b5855af6cd3a11433d3fba4e66/semver-3.1.0-py3-none-any.whl", hash = "sha256:6e4998f8b4762acdfea85f9bfd5b4032e0bb50038dc04bf82011b42d5d1145c5", size = 18783, upload-time = "2026-09-12T18:38:12.457Z" },
]

[[package]]
name = "typing-extensions"
version = "4.16.0"
source = { registry = "https://pypi.org/simple" }
sdist = { url = "https://files.pythonhosted.org/packages/f6/cc/6253133b5bb138fc3306cebfbda2c520f545d36b5be2c7255cc528bb45d6/typing_extensions-4.16.0.tar.gz", hash = "sha256:dc983d19a509c94dba722ee6abd33940f7c05a89e243c47e907eb4db6f1a43e5", size = 113555, upload-time = "2026-07-02T08:40:05.92Z" }
wheels = [
    { url = "https://files.pythonhosted.org/packages/49/d3/b8441a820a491ddfc024b0b0cf0393375b75ea13866d9c66727e54c2fc80/typing_extensions-4.16.0-py3-none-any.whl", hash = "sha256:481caa481374e813c1b176ada14e97f1f67a4539ce9cfeb3f350d78d6370c2e8", size = 45571, upload-time = "2026-07-02T08:40:04.659Z" },
]

[[package]]
name = "wrapt"
version = "2.4.1"
source = { registry = "https://pypi.org/simple" }
sdist = { url = "https://files.pythonhosted.org/packages/42/a6/6375d56c44d590ef24acf0f8f5bf7ed768ff7a510b959306ec412611e90f/wrapt-2.4.1.tar.gz", hash = "sha256:fd6390aab9e8aa40c52eff3c180f098e8d9f5894b1fd4c4fd2c207067b33ed16", size = 164597, upload-time = "2026-09-10T23:12:16.811Z" }
wheels = [
    { url = "https://files.pythonhosted.org/packages/08/05/ed5aa8991c5e9969e2ca17f0e44eb324a9757f44fa982bfc13844cfe9e1d/wrapt-2.4.1-cp314-cp314-macosx_10_15_x86_64.whl", hash = "sha256:c6c35541cc729964c65c2b9b1f9cf317811039abc2da13b4557f20f21cdc292b", size = 98876, upload-time = "2026-09-10T23:10:40.078Z" },
    { url = "https://files.pythonhosted.org/packages/f1/5f/f8bf07c3b9a2ad01d28d5ca419e28819bb16937d129167d97c446c05875d/wrapt-2.4.1-cp314-cp314-macosx_11_0_arm64.whl", hash = "sha256:6b9df84f0a96763159cccb8e3b0ed83cc950c7c8bf82d6e45428372a805b3224", size = 99054, upload-time = "2026-09-10T23:10:41.484Z" },
    { url = "https://files.pythonhosted.org/packages/f5/7a/518e5f3ebd18472652e5332bf37728cd6634ff81a0aa568969d05cc66099/wrapt-2.4.1-cp314-cp314-manylinux1_x86_64.manylinux_2_28_x86_64.manylinux_2_5_x86_64.whl", hash = "sha256:78af62413095d0a57077606654ce85e273deda8e2bfa28fdb04257b962d94ef2", size = 237430, upload-time = "2026-09-10T23:10:43.007Z" },
    { url = "https://files.pythonhosted.org/packages/8a/2b/503835d183c1ca99268e0b5a98af8f487d528ebabb124f4003cd96e73b1f/wrapt-2.4.1-cp314-cp314-manylinux2014_aarch64.manylinux_2_17_aarch64.manylinux_2_28_aarch64.whl", hash = "sha256:d60702ebc914d0bb01aa48f5c1785ceaaaa505e0a841b444a69d6ceb5de4097e", size = 237988, upload-time = "2026-09-10T23:10:44.466Z" },
    { url = "https://files.pythonhosted.org/packages/fa/9d/a11a3e1eb18ae1d9adef1c39f8e8e36fd5b86db33938bebf8e6bc5fd9b06/wrapt-2.4.1-cp314-cp314-manylinux_2_31_riscv64.manylinux_2_39_riscv64.whl", hash = "sha256:8c4b44e4be7680fc496816e824b6ed134d781c4da296e44b75399196e5c248f1", size = 218554, upload-time = "2026-09-10T23:10:45.969Z" },
    { url = "https://files.pythonhosted.org/packages/e1/61/61a6f983737ba81008561ab634373bba25b986761d3a0f0aded8352ae3e8/wrapt-2.4.1-cp314-cp314-musllinux_1_2_aarch64.whl", hash = "sha256:fb5b3f94258bcf71db902795f4a71151c7a74d9fe21fffa00752d2bd286866f8", size = 235476, upload-time = "2026-09-10T23:10:47.528Z" },
    { url = "https://files.pythonhosted.org/packages/42/68/acb7cba46e0f662eaae421487807d2fed28ba52df9a00a3f04db16675e38/wrapt-2.4.1-cp314-cp314-musllinux_1_2_riscv64.whl", hash = "sha256:f1556a96b20d5bfdc9cb5dcd0a3ec65cbbac8a4eebcd3cd34efdc91c9519f660", size = 216454, upload-time = "2026-09-10T23:10:49.126Z" },
    { url = "https://files.pythonhosted.org/packages/8b/52/3a4dab8d4803df595de82f19775535d28c036746340c1b498fc8ecba39aa/wrapt-2.4.1-cp314-cp314-musllinux_1_2_x86_64.whl", hash = "sha256:094a606d0bf1c4b847b3a743d22fc69cb164015b8c70cf6f20a534d30889ed47", size = 225346, upload-time = "2026-09-10T23:10:51.052Z" },
    { url = "https://files.pythonhosted.org/packages/5a/48/d72d051757fb7955021d8174014679f951fd5067187d2faed95520e1f8d6/wrapt-2.4.1-cp314-cp314-win32.whl", hash = "sha256:b0ee076be124406a7f97ca663c4a3ba32b6bcdd9102ca82497feaca79e9cb33c", size = 93870, upload-time = "2026-09-10T23:10:52.495Z" },
    { url = "https://files.pythonhosted.org/packages/a1/00/1a1bf4d8b60b9e7ac009969595438549ae6e33b2e3e174b78d26a833aad3/wrapt-2.4.1-cp314-cp314-win_amd64.whl", hash = "sha256:d2d6f9abaa52de05090a2b4a4c1d0e858a268c4de69eec277506af9fbcccff91", size = 98910, upload-time = "2026-09-10T23:10:53.878Z" },
    { url = "https://files.pythonhosted.org/packages/1d/59/b3169c3bcdcff70a6d02ed2b6366097b083d31391d616c407efe9a943a82/wrapt-2.4.1-cp314-cp314-win_arm64.whl", hash = "sha256:3152b2e94d733a9bd70dbd1c95f148266f079a70e9ffca2a9c5dc421ade1b4e6", size = 96013, upload-time = "2026-09-10T23:10:55.607Z" },
    { url = "https://files.pythonhosted.org/packages/b1/91/d29a063c2ca6e779305cd444dd5acaac60833d73b2d94c7b1d0820c27e3e/wrapt-2.4.1-cp314-cp314t-macosx_10_15_x86_64.whl", hash = "sha256:37ff91b390400463ecd4d080ea823314510b6843ac53e6e35cc09bba1805d466", size = 102069, upload-time = "2026-09-10T23:10:57.179Z" },
    { url = "https://files.pythonhosted.org/packages/72/26/7435de516099b528e2232770b459d6706002736f41d8f092bbb11ea01575/wrapt-2.4.1-cp314-cp314t-macosx_11_0_arm64.whl", hash = "sha256:e0a518cac3e789443af54fc77f23e66f17d80192c281b160b42058f11fabccc5", size = 102647, upload-time = "2026-09-10T23:10:58.852Z" },
    { url = "https://files.pythonhosted.org/packages/7b/a7/cca7fe0f26aa11cbbf09b2e6f4f774db167feeca43ad22fa1772afdccbad/wrapt-2.4.1-cp314-cp314t-manylinux1_x86_64.manylinux_2_28_x86_64.manylinux_2_5_x86_64.whl", hash = "sha256:9ecdeb8a1ec13397421e6f925412186bd87ab86d63517e6825b6d7bccf781f26", size = 275614, upload-time = "2026-09-10T23:11:00.464Z" },
    { url = "https://files.pythonhosted.org/packages/77/22/f3b5f4428ae679b1e2c0d4833519045d8983a9df0ad24df96b195d44dd1b/wrapt-2.4.1-cp314-cp314t-manylinux2014_aarch64.manylinux_2_17_aarch64.manylinux_2_28_aarch64.whl", hash = "sha256:c15c4ede3fde08723cabab0a892d4b75d35b5a6f0a51c84e6542ac0bdc0507aa", size = 287064, upload-time = "2026-09-10T23:11:02.111Z" },
    { url = "https://files.pythonhosted.org/packages/c2/b8/24274ec01b6ab6d0672f4312bfa29b5f1ffd9d56f16c8da67d5683883956/wrapt-2.4.1-cp314-cp314t-manylinux_2_31_riscv64.manylinux_2_39_riscv64.whl", hash = "sha256:e32c5951c36fed88b6c603dc0bab209a62dc3217bd8762413634725fe28f2f3c", size = 255440, upload-time = "2026-09-10T23:11:03.746Z" },
    { url = "https://files.pythonhosted.org/packages/8b/df/c63a36f0f03d70c7b92f60ec1ad3757088167914e1a262f5dcc7df233d51/wrapt-2.4.1-cp314-cp314t-musllinux_1_2_aarch64.whl", hash = "sha256:898513db90d55a4ed3009312d41c12932b8163edbae3535280046d47aaff774f", size = 281681, upload-time = "2026-09-10T23:11:05.41Z" },
    { url = "https://files.pythonhosted.org/packages/bc/c7/4930b6a369d9b3da59f5ada4ae9e659e2d4a68fe72c5d1ce15e5bead2d24/wrapt-2.4.1-cp314-cp314t-musllinux_1_2_riscv64.whl", hash = "sha256:42d01574bd4bcafc3476e77a95c6c0dd6167101991401325fc5591e2db21a91d", size = 252409, upload-time = "2026-09-10T23:11:06.867Z" },
    { url = "https://files.pythonhosted.org/packages/68/d7/f6bc5703061598c4a2ad4f7a2efce696782be6e9d5afed714a59f5902ead/wrapt-2.4.1-cp314-cp314t-musllinux_1_2_x86_64.whl", hash = "sha256:68a403adbeb4dd2654d6d108e43e69f0f90e6d34cb7588e0e6589109f6985e67", size = 270559, upload-time = "2026-09-10T23:11:08.385Z" },
    { url = "https://files.pythonhosted.org/packages/68/a3/952337a153e634f530079334c47dcc935b20f8ea22f364729fc2a8cf1821/wrapt-2.4.1-cp314-cp314t-win32.whl", hash = "sha256:7cb3035b332bc9d21478600ba82c7c71e2d074ed9b4e76364297f54598792227", size = 96241, upload-time = "2026-09-10T23:11:09.862Z" },
    { url = "https://files.pythonhosted.org/packages/09/28/48f0651547a125dd84e312b86268d4150c565a29f81ff9ca6fd81eba4be4/wrapt-2.4.1-cp314-cp314t-win_amd64.whl", hash = "sha256:707d2bef68deddd0fc74a81103d91b286a69ac5a9ff0f0a6dad66f8787e86697", size = 102655, upload-time = "2026-09-10T23:11:11.388Z" },
    { url = "https://files.pythonhosted.org/packages/21/a6/977441bed5e5afbffe7a789067ac2f5fd2e9f848884122a23db9ccae6a70/wrapt-2.4.1-cp314-cp314t-win_arm64.whl", hash = "sha256:28cb1c2713b4377bf03ddcb3e76d8216e4bb334199066c6122be7eed2f72de8c", size = 98495, upload-time = "2026-09-10T23:11:12.952Z" },
    { url = "https://files.pythonhosted.org/packages/7c/1c/03bcbc3dbf6ac11231f0434f2494aa7b80657b130be1a1a639192a3e44c9/wrapt-2.4.1-cp315-cp315-macosx_10_15_x86_64.whl", hash = "sha256:96a5023fa63ca2f095f7776c8bfaa1694547577f762646c375abafd8f8ae649b", size = 98878, upload-time = "2026-09-10T23:11:14.506Z" },
    { url = "https://files.pythonhosted.org/packages/87/26/5ad9bd421b8cdce0b2227a61f09586423765da3c284f8bbf0f69fc149fdf/wrapt-2.4.1-cp315-cp315-macosx_11_0_arm64.whl", hash = "sha256:2b21924949dedc3ac63725e09b9b0a130e771975f03432789344ed3422c46008", size = 99090, upload-time = "2026-09-10T23:11:16.101Z" },
    { url = "https://files.pythonhosted.org/packages/a1/c7/fa768261966d587650004ac37bef541540014b1fe23fbf4919c497ebc98c/wrapt-2.4.1-cp315-cp315-manylinux1_x86_64.manylinux_2_28_x86_64.manylinux_2_5_x86_64.whl", hash = "sha256:2f725af353bb3319c528ee69dbff838599426974288b281a3258d5397b18cb63", size = 237803, upload-time = "2026-09-10T23:11:17.738Z" },
    { url = "https://files.pythonhosted.org/packages/0f/37/9c1c876bd88fef8d065b3e8bf125cad9291d70ed3695cedb41b36b2453ec/wrapt-2.4.1-cp315-cp315-manylinux2014_aarch64.manylinux_2_17_aarch64.manylinux_2_28_aarch64.whl", hash = "sha256:20327e162ef7953fae56b31a43ca457f94ed1fc7a206d01e3d5c8412d1b91572", size = 238338, upload-time = "2026-09-10T23:11:19.742Z" },
    { url = "https://files.pythonhosted.org/packages/91/5b/47b2f2f08b90d9d3b4e1790ccae0d4e4de40e73f6614c9a52465a04f02a5/wrapt-2.4.1-cp315-cp315-manylinux_2_31_riscv64.manylinux_2_39_riscv64.whl", hash = "sha256:2cedb743dbdfb9b6d4f11acd8cb6329460264429777e81ea2e86b1b72ea503af", size = 220668, upload-time = "2026-09-10T23:11:21.422Z" },
    { url = "https://files.pythonhosted.org/packages/43/1f/da7844c7a3f7c01f3496e690e15ce9d01c0949278c64d4287ec472c90f72/wrapt-2.4.1-cp315-cp315-musllinux_1_2_aarch64.whl", hash = "sha256:5a54744b1193505f19016194979b773ee3754a199e9ad90db18f2e9a18fffa16", size = 235812, upload-time = "2026-09-10T23:11:23.211Z" },
    { url = "https://files.pythonhosted.org/packages/69/af/ac4aa9f795721a54a21bac329201f7df1b199b71ef064187a266d4d29836/wrapt-2.4.1-cp315-cp315-musllinux_1_2_riscv64.whl", hash = "sha256:b0d38d9cc23e9781e6584f303e5c5a9f0d45b85de92ad45678c4dde8d49d9535", size = 218195, upload-time = "2026-09-10T23:11:24.983Z" },
    { url = "https://files.pythonhosted.org/packages/78/aa/cff7670ec1cfa75b951171cfb41d45c7bdb94e928620a1599ec2b00cd2dd/wrapt-2.4.1-cp315-cp315-musllinux_1_2_x86_64.whl", hash = "sha256:a524ca32f0bcdde2b728d9f81f9527d4dd24b13f15d180f05d08cdc01d1cebe0", size = 225713, upload-time = "2026-09-10T23:11:26.576Z" },
    { url = "https://files.pythonhosted.org/packages/77/c6/64f138aef50b5ea1dfacca2a023b32ba3e41ef087bbd92e8997a95f4a0b8/wrapt-2.4.1-cp315-cp315-win32.whl", hash = "sha256:47c267617551e906de72f6e7265aa3bce84c63d44513d2d2e735e943422aa0a2", size = 93880, upload-time = "2026-09-10T23:11:28.253Z" },
    { url = "https://files.pythonhosted.org/packages/8d/aa/afe7484a0f7232e87f2ebb65286c1025d43cbe1de4e4051b127b024a92f7/wrapt-2.4.1-cp315-cp315-win_amd64.whl", hash = "sha256:ee437bd7fd050823ef731aad20e968ca8fe670b95e1841f5d201bfdbad4a4e96", size = 98919, upload-time = "2026-09-10T23:11:29.832Z" },
    { url = "https://files.pythonhosted.org/packages/83/21/6865f976c6a1082ca61e2792bc6a2d6a0ed03cd750a46f837753127191f8/wrapt-2.4.1-cp315-cp315-win_arm64.whl", hash = "sha256:ebf3b703752b53366fd02b7fbd8c447428e0349c9af3fc17c7a05076dbdd749a", size = 96021, upload-time = "2026-09-10T23:11:31.448Z" },
    { url = "https://files.pythonhosted.org/packages/8d/48/baf784cc9f1fe554f96daf15af06c7c466d76469d5540e357cf564755606/wrapt-2.4.1-cp315-cp315t-macosx_10_15_x86_64.whl", hash = "sha256:0f5990f5db090f069fcd577cc61cc8d463db73cde132abba9033b0a264fc06d0", size = 102028, upload-time = "2026-09-10T23:11:33.102Z" },
    { url = "https://files.pythonhosted.org/packages/82/35/fb809c95bf5512196aeda4c640aabf4e92f607340b8b2556555690a52b7a/wrapt-2.4.1-cp315-cp315t-macosx_11_0_arm64.whl", hash = "sha256:ef19a2590b195ac294deff8ee350a027a479afdd2ef2170ce3900af92406e110", size = 102640, upload-time = "2026-09-10T23:11:35.145Z" },
    { url = "https://files.pythonhosted.org/packages/a1/3f/bd462010ccbbe298479f320bf2bb02996706003e9c20a15790b65a186f8b/wrapt-2.4.1-cp315-cp315t-manylinux1_x86_64.manylinux_2_28_x86_64.manylinux_2_5_x86_64.whl", hash = "sha256:432f402f9b6014403cacf9fd18a6bf089c77964330eae951a155131ab0414f5d", size = 275999, upload-time = "2026-09-10T23:11:36.863Z" },
    { url = "https://files.pythonhosted.org/packages/56/1e/bd043b2bad2943336e090583ff6cea2f3e8776bde02f073ccf760b16eee1/wrapt-2.4.1-cp315-cp315t-manylinux2014_aarch64.manylinux_2_17_aarch64.manylinux_2_28_aarch64.whl", hash = "sha256:eb7c0f8bdd21e954bad89d554cfb7431c2f8179842853f199841ab90cbebe914", size = 287576, upload-time = "2026-09-10T23:11:38.79Z" },
    { url = "https://files.pythonhosted.org/packages/1c/d9/9937bbd61ca4e7f58a7e8a38f5ff3562334f741de51b87f0e031df441254/wrapt-2.4.1-cp315-cp315t-manylinux_2_31_riscv64.manylinux_2_39_riscv64.whl", hash = "sha256:8e82a1669d63b79a2b53041bbb6ea096b5763cab3ca698ed7ac244b3acb7cd51", size = 256763, upload-time = "2026-09-10T23:11:40.668Z" },
    { url = "https://files.pythonhosted.org/packages/aa/a8/0f78cc7e7fc6313cdba32df06f4b29a45a4a2aed3499040d6c1628d3f339/wrapt-2.4.1-cp315-cp315t-musllinux_1_2_aarch64.whl", hash = "sha256:b19e71c914c435d2c5652caea386c9bf2807979e957183f5bb06d5ed5fa8b55e", size = 282244, upload-time = "2026-09-10T23:11:42.483Z" },
    { url = "https://files.pythonhosted.org/packages/be/0d/30317d738b9898a7fbedc193657f151a468b0fa7235f4abd58a646a99cd8/wrapt-2.4.1-cp315-cp315t-musllinux_1_2_riscv64.whl", hash = "sha256:a1e4870d3368c6c918f38e308d5dcea970ea5b908ce889c21412f3a517ebf0c3", size = 254153, upload-time = "2026-09-10T23:11:44.357Z" },
    { url = "https://files.pythonhosted.org/packages/12/53/fe1f251a89f471ca7c5e17f2edbd8efd48fea6f1c08430dcf60986ea4183/wrapt-2.4.1-cp315-cp315t-musllinux_1_2_x86_64.whl", hash = "sha256:2286e8e4a937966706463d1bcea30dfefee529e6e73e097a18e9e066a07ae6c2", size = 271234, upload-time = "2026-09-10T23:11:46.132Z" },
    { url = "https://files.pythonhosted.org/packages/bd/7c/d63758cd7fa0d18c415a87312a07cdd9f0102eb824aaab5c7450b3ec08e5/wrapt-2.4.1-cp315-cp315t-win32.whl", hash = "sha256:80afa3b7010e82899044a2a189c468a0cd8c89980398a59ba3b96b451a6dc5e9", size = 96236, upload-time = "2026-09-10T23:11:47.942Z" },
    { url = "https://files.pythonhosted.org/packages/f7/2e/1785e6d2696db08b07c053b1f4ccb2b5e8f9d12e9bf2c7497693be6b4504/wrapt-2.4.1-cp315-cp315t-win_amd64.whl", hash = "sha256:3593b43fabab6b59fe77e38f7e40974aae120c30cea3fd1ceaea6621ee96be00", size = 102662, upload-time = "2026-09-10T23:11:49.831Z" },
    { url = "https://files.pythonhosted.org/packages/2f/fd/3f4ac5c4754948355e050f952ae7a64cdca94891e49fe9927c3f90a73334/wrapt-2.4.1-cp315-cp315t-win_arm64.whl", hash = "sha256:ac1939ccf3e1c33f463706fbf52db5075f5eefb6042bcc1f9cf48c2c20ef478c", size = 98500, upload-time = "2026-09-10T23:11:51.501Z" },
    { url = "https://files.pythonhosted.org/packages/4f/a2/edcfc8d9a30375791b775715f8501364588f65b494ec4f6930568a19e765/wrapt-2.4.1-py3-none-any.whl", hash = "sha256:1e84ec5d89a0a07a0ef6bcd343f5c8ecdc95601d71de3058cdc63274e86c193c", size = 75317, upload-time = "2026-09-10T23:12:14.82Z" },
]
